
Microsoft Visual Studio Solution File, Format Version 12.00
# Visual Studio Version 16
VisualStudioVersion = 16.0.30804.86
MinimumVisualStudioVersion = 10.0.40219.1
Project("{FAE04EC0-301F-11D3-BF4B-00C04F79EFBC}") = "GestionPedidos", "GestionPedidos\GestionPedidos.csproj", "{E870E206-EDFA-48EC-BAC8-97A0A66AAC52}"
EndProject
Global
	GlobalSection(SolutionConfigurationPlatforms) = preSolution
		Debug|Any CPU = Debug|Any CPU
		Release|Any CPU = Release|Any CPU
	EndGlobalSection
	GlobalSection(ProjectConfigurationPlatforms) = postSolution
		{E870E206-EDFA-48EC-BAC8-97A0A66AAC52}.Debug|Any CPU.ActiveCfg = Debug|Any CPU
		{E870E206-EDFA-48EC-BAC8-97A0A66AAC52}.Debug|Any CPU.Build.0 = Debug|Any CPU
		{E870E206-EDFA-48EC-BAC8-97A0A66AAC52}.Release|Any CPU.ActiveCfg = Release|Any CPU
		{E870E206-EDFA-48EC-BAC8-97A0A66AAC52}.Release|Any CPU.Build.0 = Release|Any CPU
	EndGlobalSection
	GlobalSection(SolutionProperties) = preSolution
		HideSolutionNode = FALSE
	EndGlobalSection
	GlobalSection(ExtensibilityGlobals) = postSolution
		SolutionGuid = {184A8456-BADF-4FF4-9F32-9040BC0D8C96}
	EndGlobalSection
EndGlobal
